
Microsoft Visual Studio Solution File, Format Version 12.00
# Visual Studio Version 17
VisualStudioVersion = 17.12.35527.113
MinimumVisualStudioVersion = 10.0.40219.1
Project("{2150E333-8FDC-42A3-9474-1A3956D46DE8}") = "Solution Items", "Solution Items", "{8889396E-6589-46A2-9EB6-DA16B01A6088}"
	ProjectSection(SolutionItems) = preProject
		.dockerignore = .dockerignore
		.gitignore = .gitignore
		docker-compose.api.yaml = docker-compose.api.yaml
		docker-compose.db.yaml = docker-compose.db.yaml
		docker-compose.yaml = docker-compose.yaml
		global.json = global.json
		README.md = README.md
	EndProjectSection
EndProject
Project("{2150E333-8FDC-42A3-9474-1A3956D46DE8}") = "src", "src", "{9384C7C0-3A11-4D14-9292-DC40DD1105B0}"
EndProject
Project("{2150E333-8FDC-42A3-9474-1A3956D46DE8}") = "tests", "tests", "{F2CB50F8-7C08-40FD-9852-5B333CB5FBDD}"
EndProject
Project("{2150E333-8FDC-42A3-9474-1A3956D46DE8}") = "ApiGateways", "ApiGateways", "{8DD5F6EF-1626-44F8-8EDD-0358DA1B367B}"
EndProject
Project("{2150E333-8FDC-42A3-9474-1A3956D46DE8}") = "BuildingBlocks", "BuildingBlocks", "{BBEBB6C9-DDEE-4EAF-B778-CD4FC1EEFD96}"
EndProject
Project("{2150E333-8FDC-42A3-9474-1A3956D46DE8}") = "Services", "Services", "{ABD0370D-EDE4-4AA4-8837-A0D4ED34E864}"
EndProject
Project("{2150E333-8FDC-42A3-9474-1A3956D46DE8}") = "WebApps", "WebApps", "{BB6CCBDA-7052-411E-9B8E-146B2172A0E3}"
EndProject
Project("{FAE04EC0-301F-11D3-BF4B-00C04F79EFBC}") = "Common.Logging", "src\BuildingBlocks\Common.Logging\Common.Logging.csproj", "{5BD33CF8-00B1-4A45-9F95-CFCBAF473A05}"
EndProject
Project("{2150E333-8FDC-42A3-9474-1A3956D46DE8}") = "Product", "Product", "{84E02C62-D608-4373-BE07-9F42941977C1}"
EndProject
Project("{2150E333-8FDC-42A3-9474-1A3956D46DE8}") = "Customer", "Customer", "{FDC1BEFA-EA72-464A-8B0E-B612C61D6FA6}"
EndProject
Project("{2150E333-8FDC-42A3-9474-1A3956D46DE8}") = "Basket", "Basket", "{8B68E8E8-F592-4F11-865E-C15B456207B7}"
EndProject
Project("{2150E333-8FDC-42A3-9474-1A3956D46DE8}") = "Inventory", "Inventory", "{911BD637-2171-42E9-8E75-B9CBB8C11D66}"
EndProject
Project("{2150E333-8FDC-42A3-9474-1A3956D46DE8}") = "ScheduledJob", "ScheduledJob", "{239318EE-8C87-4431-8665-60F2FF6E7F63}"
EndProject
Project("{FAE04EC0-301F-11D3-BF4B-00C04F79EFBC}") = "WebHealthStatus", "src\WebApps\WebHealthStatus\WebHealthStatus.csproj", "{BAFC1B77-6468-4AD8-85D2-B99814B014F2}"
EndProject
Project("{FAE04EC0-301F-11D3-BF4B-00C04F79EFBC}") = "Basket.API", "src\Services\Basket.API\Basket.API.csproj", "{800B1745-07A1-491C-AD4F-04A2B5B1B0F7}"
EndProject
Project("{FAE04EC0-301F-11D3-BF4B-00C04F79EFBC}") = "Customer.API", "src\Services\Customer.API\Customer.API.csproj", "{C93E0A70-DB31-4F08-BC06-B60B4CABD647}"
EndProject
Project("{FAE04EC0-301F-11D3-BF4B-00C04F79EFBC}") = "Inventory.Product.API", "src\Services\Inventory.Product.API\Inventory.Product.API.csproj", "{36269B9F-134E-40EA-91AF-B98A26C2602C}"
EndProject
Project("{FAE04EC0-301F-11D3-BF4B-00C04F79EFBC}") = "Product.API", "src\Services\Product.API\Product.API.csproj", "{ED7D4F59-7C10-4A54-8261-88202E62DE20}"
EndProject
Project("{FAE04EC0-301F-11D3-BF4B-00C04F79EFBC}") = "Hangfire.API", "src\Services\Hangfire.API\Hangfire.API.csproj", "{DE10E143-AD32-4DED-8E66-E62E7923008C}"
EndProject
Project("{FAE04EC0-301F-11D3-BF4B-00C04F79EFBC}") = "Infrastructure", "src\BuildingBlocks\Infrastructure\Infrastructure.csproj", "{1DF5B5ED-BD3A-4E46-9A00-B8EB2F2054FD}"
EndProject
Project("{FAE04EC0-301F-11D3-BF4B-00C04F79EFBC}") = "Shared", "src\BuildingBlocks\Shared\Shared.csproj", "{D9962C25-555B-4D4E-94C4-EC4EAB78408B}"
EndProject
Project("{FAE04EC0-301F-11D3-BF4B-00C04F79EFBC}") = "OcelotApiGw", "src\ApiGateways\OcelotApiGw\OcelotApiGw.csproj", "{891DA26E-1A71-40A0-8FCB-D90AF3B6F4D2}"
EndProject
Project("{FAE04EC0-301F-11D3-BF4B-00C04F79EFBC}") = "Contracts", "src\BuildingBlocks\Contracts\Contracts.csproj", "{679682B0-6679-4BD4-89D2-EF4CC30ED555}"
EndProject
Project("{2150E333-8FDC-42A3-9474-1A3956D46DE8}") = "Ordering", "Ordering", "{B0773DBA-86DC-4A31-A739-8CBB92402F46}"
EndProject
Project("{FAE04EC0-301F-11D3-BF4B-00C04F79EFBC}") = "Ordering.API", "src\Services\Ordering\Ordering.API\Ordering.API.csproj", "{62E80595-183A-461D-B1B1-67C474652F5B}"
EndProject
Project("{FAE04EC0-301F-11D3-BF4B-00C04F79EFBC}") = "Ordering.Application", "src\Services\Ordering\Ordering.Application\Ordering.Application.csproj", "{6E65FCEE-2E93-4CFB-AAD0-663B15A2CEF1}"
EndProject
Project("{FAE04EC0-301F-11D3-BF4B-00C04F79EFBC}") = "Ordering.Domain", "src\Services\Ordering\Ordering.Domain\Ordering.Domain.csproj", "{AA53AC21-8A1E-4073-9C8C-B440567FDC7B}"
EndProject
Project("{FAE04EC0-301F-11D3-BF4B-00C04F79EFBC}") = "Ordering.Infrastructure", "src\Services\Ordering\Ordering.Infrastructure\Ordering.Infrastructure.csproj", "{E1A8D8F3-0A27-448E-B5F7-BCC7777897FB}"
EndProject
Project("{2150E333-8FDC-42A3-9474-1A3956D46DE8}") = "EventBus", "EventBus", "{9EF8D864-F16A-49AA-8B57-3B517471ED9C}"
EndProject
Project("{FAE04EC0-301F-11D3-BF4B-00C04F79EFBC}") = "EventBus.Messages", "src\BuildingBlocks\EventBus\EventBus.Messages\EventBus.Messages.csproj", "{AE62C14E-131B-4DD8-BEE7-A2402E87FC5E}"
EndProject
Global
	GlobalSection(SolutionConfigurationPlatforms) = preSolution
		Debug|Any CPU = Debug|Any CPU
		Release|Any CPU = Release|Any CPU
	EndGlobalSection
	GlobalSection(ProjectConfigurationPlatforms) = postSolution
		{5BD33CF8-00B1-4A45-9F95-CFCBAF473A05}.Debug|Any CPU.ActiveCfg = Debug|Any CPU
		{5BD33CF8-00B1-4A45-9F95-CFCBAF473A05}.Debug|Any CPU.Build.0 = Debug|Any CPU
		{5BD33CF8-00B1-4A45-9F95-CFCBAF473A05}.Release|Any CPU.ActiveCfg = Release|Any CPU
		{5BD33CF8-00B1-4A45-9F95-CFCBAF473A05}.Release|Any CPU.Build.0 = Release|Any CPU
		{BAFC1B77-6468-4AD8-85D2-B99814B014F2}.Debug|Any CPU.ActiveCfg = Debug|Any CPU
		{BAFC1B77-6468-4AD8-85D2-B99814B014F2}.Debug|Any CPU.Build.0 = Debug|Any CPU
		{BAFC1B77-6468-4AD8-85D2-B99814B014F2}.Release|Any CPU.ActiveCfg = Release|Any CPU
		{BAFC1B77-6468-4AD8-85D2-B99814B014F2}.Release|Any CPU.Build.0 = Release|Any CPU
		{800B1745-07A1-491C-AD4F-04A2B5B1B0F7}.Debug|Any CPU.ActiveCfg = Debug|Any CPU
		{800B1745-07A1-491C-AD4F-04A2B5B1B0F7}.Debug|Any CPU.Build.0 = Debug|Any CPU
		{800B1745-07A1-491C-AD4F-04A2B5B1B0F7}.Release|Any CPU.ActiveCfg = Release|Any CPU
		{800B1745-07A1-491C-AD4F-04A2B5B1B0F7}.Release|Any CPU.Build.0 = Release|Any CPU
		{C93E0A70-DB31-4F08-BC06-B60B4CABD647}.Debug|Any CPU.ActiveCfg = Debug|Any CPU
		{C93E0A70-DB31-4F08-BC06-B60B4CABD647}.Debug|Any CPU.Build.0 = Debug|Any CPU
		{C93E0A70-DB31-4F08-BC06-B60B4CABD647}.Release|Any CPU.ActiveCfg = Release|Any CPU
		{C93E0A70-DB31-4F08-BC06-B60B4CABD647}.Release|Any CPU.Build.0 = Release|Any CPU
		{36269B9F-134E-40EA-91AF-B98A26C2602C}.Debug|Any CPU.ActiveCfg = Debug|Any CPU
		{36269B9F-134E-40EA-91AF-B98A26C2602C}.Debug|Any CPU.Build.0 = Debug|Any CPU
		{36269B9F-134E-40EA-91AF-B98A26C2602C}.Release|Any CPU.ActiveCfg = Release|Any CPU
		{36269B9F-134E-40EA-91AF-B98A26C2602C}.Release|Any CPU.Build.0 = Release|Any CPU
		{ED7D4F59-7C10-4A54-8261-88202E62DE20}.Debug|Any CPU.ActiveCfg = Debug|Any CPU
		{ED7D4F59-7C10-4A54-8261-88202E62DE20}.Debug|Any CPU.Build.0 = Debug|Any CPU
		{ED7D4F59-7C10-4A54-8261-88202E62DE20}.Release|Any CPU.ActiveCfg = Release|Any CPU
		{ED7D4F59-7C10-4A54-8261-88202E62DE20}.Release|Any CPU.Build.0 = Release|Any CPU
		{DE10E143-AD32-4DED-8E66-E62E7923008C}.Debug|Any CPU.ActiveCfg = Debug|Any CPU
		{DE10E143-AD32-4DED-8E66-E62E7923008C}.Debug|Any CPU.Build.0 = Debug|Any CPU
		{DE10E143-AD32-4DED-8E66-E62E7923008C}.Release|Any CPU.ActiveCfg = Release|Any CPU
		{DE10E143-AD32-4DED-8E66-E62E7923008C}.Release|Any CPU.Build.0 = Release|Any CPU
		{1DF5B5ED-BD3A-4E46-9A00-B8EB2F2054FD}.Debug|Any CPU.ActiveCfg = Debug|Any CPU
		{1DF5B5ED-BD3A-4E46-9A00-B8EB2F2054FD}.Debug|Any CPU.Build.0 = Debug|Any CPU
		{1DF5B5ED-BD3A-4E46-9A00-B8EB2F2054FD}.Release|Any CPU.ActiveCfg = Release|Any CPU
		{1DF5B5ED-BD3A-4E46-9A00-B8EB2F2054FD}.Release|Any CPU.Build.0 = Release|Any CPU
		{D9962C25-555B-4D4E-94C4-EC4EAB78408B}.Debug|Any CPU.ActiveCfg = Debug|Any CPU
		{D9962C25-555B-4D4E-94C4-EC4EAB78408B}.Debug|Any CPU.Build.0 = Debug|Any CPU
		{D9962C25-555B-4D4E-94C4-EC4EAB78408B}.Release|Any CPU.ActiveCfg = Release|Any CPU
		{D9962C25-555B-4D4E-94C4-EC4EAB78408B}.Release|Any CPU.Build.0 = Release|Any CPU
		{891DA26E-1A71-40A0-8FCB-D90AF3B6F4D2}.Debug|Any CPU.ActiveCfg = Debug|Any CPU
		{891DA26E-1A71-40A0-8FCB-D90AF3B6F4D2}.Debug|Any CPU.Build.0 = Debug|Any CPU
		{891DA26E-1A71-40A0-8FCB-D90AF3B6F4D2}.Release|Any CPU.ActiveCfg = Release|Any CPU
		{891DA26E-1A71-40A0-8FCB-D90AF3B6F4D2}.Release|Any CPU.Build.0 = Release|Any CPU
		{679682B0-6679-4BD4-89D2-EF4CC30ED555}.Debug|Any CPU.ActiveCfg = Debug|Any CPU
		{679682B0-6679-4BD4-89D2-EF4CC30ED555}.Debug|Any CPU.Build.0 = Debug|Any CPU
		{679682B0-6679-4BD4-89D2-EF4CC30ED555}.Release|Any CPU.ActiveCfg = Release|Any CPU
		{679682B0-6679-4BD4-89D2-EF4CC30ED555}.Release|Any CPU.Build.0 = Release|Any CPU
		{62E80595-183A-461D-B1B1-67C474652F5B}.Debug|Any CPU.ActiveCfg = Debug|Any CPU
		{62E80595-183A-461D-B1B1-67C474652F5B}.Debug|Any CPU.Build.0 = Debug|Any CPU
		{62E80595-183A-461D-B1B1-67C474652F5B}.Release|Any CPU.ActiveCfg = Release|Any CPU
		{62E80595-183A-461D-B1B1-67C474652F5B}.Release|Any CPU.Build.0 = Release|Any CPU
		{6E65FCEE-2E93-4CFB-AAD0-663B15A2CEF1}.Debug|Any CPU.ActiveCfg = Debug|Any CPU
		{6E65FCEE-2E93-4CFB-AAD0-663B15A2CEF1}.Debug|Any CPU.Build.0 = Debug|Any CPU
		{6E65FCEE-2E93-4CFB-AAD0-663B15A2CEF1}.Release|Any CPU.ActiveCfg = Release|Any CPU
		{6E65FCEE-2E93-4CFB-AAD0-663B15A2CEF1}.Release|Any CPU.Build.0 = Release|Any CPU
		{AA53AC21-8A1E-4073-9C8C-B440567FDC7B}.Debug|Any CPU.ActiveCfg = Debug|Any CPU
		{AA53AC21-8A1E-4073-9C8C-B440567FDC7B}.Debug|Any CPU.Build.0 = Debug|Any CPU
		{AA53AC21-8A1E-4073-9C8C-B440567FDC7B}.Release|Any CPU.ActiveCfg = Release|Any CPU
		{AA53AC21-8A1E-4073-9C8C-B440567FDC7B}.Release|Any CPU.Build.0 = Release|Any CPU
		{E1A8D8F3-0A27-448E-B5F7-BCC7777897FB}.Debug|Any CPU.ActiveCfg = Debug|Any CPU
		{E1A8D8F3-0A27-448E-B5F7-BCC7777897FB}.Debug|Any CPU.Build.0 = Debug|Any CPU
		{E1A8D8F3-0A27-448E-B5F7-BCC7777897FB}.Release|Any CPU.ActiveCfg = Release|Any CPU
		{E1A8D8F3-0A27-448E-B5F7-BCC7777897FB}.Release|Any CPU.Build.0 = Release|Any CPU
		{AE62C14E-131B-4DD8-BEE7-A2402E87FC5E}.Debug|Any CPU.ActiveCfg = Debug|Any CPU
		{AE62C14E-131B-4DD8-BEE7-A2402E87FC5E}.Debug|Any CPU.Build.0 = Debug|Any CPU
		{AE62C14E-131B-4DD8-BEE7-A2402E87FC5E}.Release|Any CPU.ActiveCfg = Release|Any CPU
		{AE62C14E-131B-4DD8-BEE7-A2402E87FC5E}.Release|Any CPU.Build.0 = Release|Any CPU
	EndGlobalSection
	GlobalSection(SolutionProperties) = preSolution
		HideSolutionNode = FALSE
	EndGlobalSection
	GlobalSection(NestedProjects) = preSolution
		{9384C7C0-3A11-4D14-9292-DC40DD1105B0} = {8889396E-6589-46A2-9EB6-DA16B01A6088}
		{F2CB50F8-7C08-40FD-9852-5B333CB5FBDD} = {8889396E-6589-46A2-9EB6-DA16B01A6088}
		{8DD5F6EF-1626-44F8-8EDD-0358DA1B367B} = {9384C7C0-3A11-4D14-9292-DC40DD1105B0}
		{BBEBB6C9-DDEE-4EAF-B778-CD4FC1EEFD96} = {9384C7C0-3A11-4D14-9292-DC40DD1105B0}
		{ABD0370D-EDE4-4AA4-8837-A0D4ED34E864} = {9384C7C0-3A11-4D14-9292-DC40DD1105B0}
		{BB6CCBDA-7052-411E-9B8E-146B2172A0E3} = {9384C7C0-3A11-4D14-9292-DC40DD1105B0}
		{5BD33CF8-00B1-4A45-9F95-CFCBAF473A05} = {BBEBB6C9-DDEE-4EAF-B778-CD4FC1EEFD96}
		{84E02C62-D608-4373-BE07-9F42941977C1} = {ABD0370D-EDE4-4AA4-8837-A0D4ED34E864}
		{FDC1BEFA-EA72-464A-8B0E-B612C61D6FA6} = {ABD0370D-EDE4-4AA4-8837-A0D4ED34E864}
		{8B68E8E8-F592-4F11-865E-C15B456207B7} = {ABD0370D-EDE4-4AA4-8837-A0D4ED34E864}
		{911BD637-2171-42E9-8E75-B9CBB8C11D66} = {ABD0370D-EDE4-4AA4-8837-A0D4ED34E864}
		{239318EE-8C87-4431-8665-60F2FF6E7F63} = {ABD0370D-EDE4-4AA4-8837-A0D4ED34E864}
		{BAFC1B77-6468-4AD8-85D2-B99814B014F2} = {BB6CCBDA-7052-411E-9B8E-146B2172A0E3}
		{800B1745-07A1-491C-AD4F-04A2B5B1B0F7} = {8B68E8E8-F592-4F11-865E-C15B456207B7}
		{C93E0A70-DB31-4F08-BC06-B60B4CABD647} = {FDC1BEFA-EA72-464A-8B0E-B612C61D6FA6}
		{36269B9F-134E-40EA-91AF-B98A26C2602C} = {911BD637-2171-42E9-8E75-B9CBB8C11D66}
		{ED7D4F59-7C10-4A54-8261-88202E62DE20} = {84E02C62-D608-4373-BE07-9F42941977C1}
		{DE10E143-AD32-4DED-8E66-E62E7923008C} = {239318EE-8C87-4431-8665-60F2FF6E7F63}
		{1DF5B5ED-BD3A-4E46-9A00-B8EB2F2054FD} = {BBEBB6C9-DDEE-4EAF-B778-CD4FC1EEFD96}
		{D9962C25-555B-4D4E-94C4-EC4EAB78408B} = {BBEBB6C9-DDEE-4EAF-B778-CD4FC1EEFD96}
		{891DA26E-1A71-40A0-8FCB-D90AF3B6F4D2} = {8DD5F6EF-1626-44F8-8EDD-0358DA1B367B}
		{679682B0-6679-4BD4-89D2-EF4CC30ED555} = {BBEBB6C9-DDEE-4EAF-B778-CD4FC1EEFD96}
		{B0773DBA-86DC-4A31-A739-8CBB92402F46} = {ABD0370D-EDE4-4AA4-8837-A0D4ED34E864}
		{62E80595-183A-461D-B1B1-67C474652F5B} = {B0773DBA-86DC-4A31-A739-8CBB92402F46}
		{6E65FCEE-2E93-4CFB-AAD0-663B15A2CEF1} = {B0773DBA-86DC-4A31-A739-8CBB92402F46}
		{AA53AC21-8A1E-4073-9C8C-B440567FDC7B} = {B0773DBA-86DC-4A31-A739-8CBB92402F46}
		{E1A8D8F3-0A27-448E-B5F7-BCC7777897FB} = {B0773DBA-86DC-4A31-A739-8CBB92402F46}
		{9EF8D864-F16A-49AA-8B57-3B517471ED9C} = {BBEBB6C9-DDEE-4EAF-B778-CD4FC1EEFD96}
		{AE62C14E-131B-4DD8-BEE7-A2402E87FC5E} = {9EF8D864-F16A-49AA-8B57-3B517471ED9C}
	EndGlobalSection
	GlobalSection(ExtensibilityGlobals) = postSolution
		SolutionGuid = {BBAF36B1-C6FC-4E66-BD13-8AF1AB3EF53F}
	EndGlobalSection
EndGlobal
